<?xml version="1.0" encoding="utf-8"?>
<Project ToolsVersion="4.0" xmlns="http://schemas.microsoft.com/developer/msbuild/2003">
  <ItemGroup>
    <Filter Include="Source Files">
      <UniqueIdentifier>{4FC737F1-C7A5-4376-A066-2A32D752A2FF}</UniqueIdentifier>
      <Extensions>cpp;c;cc;cxx;c++;cppm;ixx;def;odl;idl;hpj;bat;asm;asmx</Extensions>
    </Filter>
    <Filter Include="Header Files">
      <UniqueIdentifier>{93995380-89BD-4b04-88EB-625FBE52EBFB}</UniqueIdentifier>
      <Extensions>h;hh;hpp;hxx;h++;hm;inl;inc;ipp;xsd</Extensions>
    </Filter>
    <Filter Include="Resource Files">
      <UniqueIdentifier>{67DA6AB6-F800-4c08-8B7A-83BB121AAD01}</UniqueIdentifier>
      <Extensions>rc;ico;cur;bmp;dlg;rc2;rct;bin;rgs;gif;jpg;jpeg;jpe;resx;tiff;tif;png;wav;mfcribbon-ms</Extensions>
    </Filter>
  </ItemGroup>
  <ItemGroup>
    <ClInclude Include="pch.h">
      <Filter>Header Files</Filter>
    </ClInclude>
    <ClInclude Include="Core12.h">
      <Filter>Header Files</Filter>
    </ClInclude>
    <ClInclude Include="Core12Base.h">
      <Filter>Header Files</Filter>
    </ClInclude>
    <ClInclude Include="d3dUtil.h">
      <Filter>Header Files</Filter>
    </ClInclude>
    <ClInclude Include="d3dx12.h">
      <Filter>Header Files</Filter>
    </ClInclude>
    <ClInclude Include="DDSTextureLoader.h">
      <Filter>Header Files</Filter>
    </ClInclude>
    <ClInclude Include="Dx12TextureMapper.h">
      <Filter>Header Files</Filter>
    </ClInclude>
    <ClInclude Include="FrameResourceFx.h">
      <Filter>Header Files</Filter>
    </ClInclude>
    <ClInclude Include="framework.h">
      <Filter>Header Files</Filter>
    </ClInclude>
    <ClInclude Include="GeometryGenerator.h">
      <Filter>Header Files</Filter>
    </ClInclude>
    <ClInclude Include="MathHelper.h">
      <Filter>Header Files</Filter>
    </ClInclude>
    <ClInclude Include="RendererDx12.h">
      <Filter>Header Files</Filter>
    </ClInclude>
    <ClInclude Include="UploadBuffer.h">
      <Filter>Header Files</Filter>
    </ClInclude>
    <ClInclude Include="Dx12CoordinateMap.h">
      <Filter>Header Files</Filter>
    </ClInclude>
    <ClInclude Include="DefaultFields.h">
      <Filter>Header Files</Filter>
    </ClInclude>
    <ClInclude Include="Renderer.h">
      <Filter>Header Files</Filter>
    </ClInclude>
    <ClInclude Include="RotationGroup.h">
      <Filter>Header Files</Filter>
    </ClInclude>
    <ClInclude Include="RotationParams.h">
      <Filter>Header Files</Filter>
    </ClInclude>
    <ClInclude Include="Vertex.h">
      <Filter>Header Files</Filter>
    </ClInclude>
    <ClInclude Include="ModelData.h">
      <Filter>Header Files</Filter>
    </ClInclude>
    <ClInclude Include="RotationSelectionType.h">
      <Filter>Header Files</Filter>
    </ClInclude>
    <ClInclude Include="SeedTriangles.h">
      <Filter>Header Files</Filter>
    </ClInclude>
    <ClInclude Include="VertexSource.h">
      <Filter>Header Files</Filter>
    </ClInclude>
    <ClInclude Include="Perspective.h">
      <Filter>Header Files</Filter>
    </ClInclude>
    <ClInclude Include="VertexSerialization.h">
      <Filter>Header Files</Filter>
    </ClInclude>
    <ClInclude Include="VertexData.h">
      <Filter>Header Files</Filter>
    </ClInclude>
    <ClInclude Include="TraceParams.h">
      <Filter>Header Files</Filter>
    </ClInclude>
    <ClInclude Include="BulbNormalizeType.h">
      <Filter>Header Files</Filter>
    </ClInclude>
    <ClInclude Include="CartesianConverterGroup.h">
      <Filter>Header Files</Filter>
    </ClInclude>
    <ClInclude Include="TrigOption.h">
      <Filter>Header Files</Filter>
    </ClInclude>
    <ClInclude Include="CartesianConversionType.h">
      <Filter>Header Files</Filter>
    </ClInclude>
    <ClInclude Include="Ingles3EquantionType.h">
      <Filter>Header Files</Filter>
    </ClInclude>
    <ClInclude Include="FractalType.h">
      <Filter>Header Files</Filter>
    </ClInclude>
    <ClInclude Include="ColorUtil.h">
      <Filter>Header Files</Filter>
    </ClInclude>
    <ClInclude Include="DxEffectColors.h">
      <Filter>Header Files</Filter>
    </ClInclude>
    <ClInclude Include="DxException.h">
      <Filter>Header Files</Filter>
    </ClInclude>
    <ClInclude Include="DxLight.h">
      <Filter>Header Files</Filter>
    </ClInclude>
    <ClInclude Include="StepTimer.h">
      <Filter>Header Files</Filter>
    </ClInclude>
    <ClInclude Include="VertexStatistics.h">
      <Filter>Header Files</Filter>
    </ClInclude>
    <ClInclude Include="DxSerialize.h">
      <Filter>Header Files</Filter>
    </ClInclude>
    <ClInclude Include="DxfColorFactory.h">
      <Filter>Header Files</Filter>
    </ClInclude>
    <ClInclude Include="BackgroundVertexData.h">
      <Filter>Header Files</Filter>
    </ClInclude>
    <ClInclude Include="SphereApproximator.h">
      <Filter>Header Files</Filter>
    </ClInclude>
    <ClInclude Include="TraceParamsSerialize.h">
      <Filter>Header Files</Filter>
    </ClInclude>
    <ClInclude Include="BackgroundModelFactory.h">
      <Filter>Header Files</Filter>
    </ClInclude>
    <ClInclude Include="TriangleLoader.h">
      <Filter>Header Files</Filter>
    </ClInclude>
    <ClInclude Include="RayTracerCommon.h">
      <Filter>Header Files</Filter>
    </ClInclude>
    <ClInclude Include="vertexFactory.h">
      <Filter>Header Files</Filter>
    </ClInclude>
    <ClInclude Include="BasicRayTracer.h">
      <Filter>Header Files</Filter>
    </ClInclude>
    <ClInclude Include="InglesRayTracer.h">
      <Filter>Header Files</Filter>
    </ClInclude>
    <ClInclude Include="InglesRayTracer2.h">
      <Filter>Header Files</Filter>
    </ClInclude>
    <ClInclude Include="InglesRayTracer3.h">
      <Filter>Header Files</Filter>
    </ClInclude>
    <ClInclude Include="IRayTracer.h">
      <Filter>Header Files</Filter>
    </ClInclude>
    <ClInclude Include="DoubleRayTracer.h">
      <Filter>Header Files</Filter>
    </ClInclude>
    <ClInclude Include="Vector3Double.h">
      <Filter>Header Files</Filter>
    </ClInclude>
    <ClInclude Include="CartesianConverterFactory.h">
      <Filter>Header Files</Filter>
    </ClInclude>
    <ClInclude Include="ShadowWorldType.h">
      <Filter>Header Files</Filter>
    </ClInclude>
    <ClInclude Include="MyDxHelpers.h">
      <Filter>Header Files</Filter>
    </ClInclude>
    <ClInclude Include="MyDxUtil.h">
      <Filter>Header Files</Filter>
    </ClInclude>
    <ClInclude Include="MathFunctions.h">
      <Filter>Header Files</Filter>
    </ClInclude>
    <ClInclude Include="QuaternionRayTracer.h">
      <Filter>Header Files</Filter>
    </ClInclude>
    <ClInclude Include="RectangleApproximator.h">
      <Filter>Header Files</Filter>
    </ClInclude>
    <ClInclude Include="TriangleData.h">
      <Filter>Header Files</Filter>
    </ClInclude>
    <ClInclude Include="OriginTarget.h">
      <Filter>Header Files</Filter>
    </ClInclude>
    <ClInclude Include="QuaternionGeneralRayTracer.h">
      <Filter>Header Files</Filter>
    </ClInclude>
    <ClInclude Include="Vector4Double.h">
      <Filter>Header Files</Filter>
    </ClInclude>
    <ClInclude Include="VectorUtils.h">
      <Filter>Header Files</Filter>
    </ClInclude>
    <ClInclude Include="QuaternionExperimentalRayTracer.h">
      <Filter>Header Files</Filter>
    </ClInclude>
    <ClInclude Include="Vector2Double.h">
      <Filter>Header Files</Filter>
    </ClInclude>
    <ClInclude Include="QuaternionEquationType.h">
      <Filter>Header Files</Filter>
    </ClInclude>
  </ItemGroup>
  <ItemGroup>
    <ClCompile Include="pch.cpp">
      <Filter>Source Files</Filter>
    </ClCompile>
    <ClCompile Include="Core12.cpp">
      <Filter>Source Files</Filter>
    </ClCompile>
    <ClCompile Include="Core12Base.cpp">
      <Filter>Source Files</Filter>
    </ClCompile>
    <ClCompile Include="d3dUtil.cpp">
      <Filter>Source Files</Filter>
    </ClCompile>
    <ClCompile Include="DDSTextureLoader.cpp">
      <Filter>Source Files</Filter>
    </ClCompile>
    <ClCompile Include="Dx12TextureMapper.cpp">
      <Filter>Source Files</Filter>
    </ClCompile>
    <ClCompile Include="DxSupport12.cpp">
      <Filter>Source Files</Filter>
    </ClCompile>
    <ClCompile Include="FrameResourceFx.cpp">
      <Filter>Source Files</Filter>
    </ClCompile>
    <ClCompile Include="GeometryGenerator.cpp">
      <Filter>Source Files</Filter>
    </ClCompile>
    <ClCompile Include="MathHelper.cpp">
      <Filter>Source Files</Filter>
    </ClCompile>
    <ClCompile Include="RendererDx12.cpp">
      <Filter>Source Files</Filter>
    </ClCompile>
    <ClCompile Include="Dx12CoordinateMap.cpp">
      <Filter>Source Files</Filter>
    </ClCompile>
    <ClCompile Include="DefaultFields.cpp">
      <Filter>Source Files</Filter>
    </ClCompile>
    <ClCompile Include="RotationParams.cpp">
      <Filter>Source Files</Filter>
    </ClCompile>
    <ClCompile Include="ModelData.cpp">
      <Filter>Source Files</Filter>
    </ClCompile>
    <ClCompile Include="RotationSelectionType.cpp">
      <Filter>Source Files</Filter>
    </ClCompile>
    <ClCompile Include="SeedTriangles.cpp">
      <Filter>Source Files</Filter>
    </ClCompile>
    <ClCompile Include="VertexSource.cpp">
      <Filter>Source Files</Filter>
    </ClCompile>
    <ClCompile Include="TraceParams.cpp">
      <Filter>Source Files</Filter>
    </ClCompile>
    <ClCompile Include="BulbNormalizeType.cpp">
      <Filter>Source Files</Filter>
    </ClCompile>
    <ClCompile Include="CartesianConverterGroup.cpp">
      <Filter>Source Files</Filter>
    </ClCompile>
    <ClCompile Include="TrigOption.cpp">
      <Filter>Source Files</Filter>
    </ClCompile>
    <ClCompile Include="Ingles3EquantionType.cpp">
      <Filter>Source Files</Filter>
    </ClCompile>
    <ClCompile Include="CartesianConversionType.cpp">
      <Filter>Source Files</Filter>
    </ClCompile>
    <ClCompile Include="FractalType.cpp">
      <Filter>Source Files</Filter>
    </ClCompile>
    <ClCompile Include="ColorUtil.cpp">
      <Filter>Source Files</Filter>
    </ClCompile>
    <ClCompile Include="DxException.cpp">
      <Filter>Source Files</Filter>
    </ClCompile>
    <ClCompile Include="VertexStatistics.cpp">
      <Filter>Source Files</Filter>
    </ClCompile>
    <ClCompile Include="DxSerialize.cpp">
      <Filter>Source Files</Filter>
    </ClCompile>
    <ClCompile Include="DxfColorFactory.cpp">
      <Filter>Source Files</Filter>
    </ClCompile>
    <ClCompile Include="SphereApproximator.cpp">
      <Filter>Source Files</Filter>
    </ClCompile>
    <ClCompile Include="TraceParamsSerialize.cpp">
      <Filter>Source Files</Filter>
    </ClCompile>
    <ClCompile Include="BackgroundModelFactory.cpp">
      <Filter>Source Files</Filter>
    </ClCompile>
    <ClCompile Include="TriangleLoader.cpp">
      <Filter>Source Files</Filter>
    </ClCompile>
    <ClCompile Include="RayTracerCommon.cpp">
      <Filter>Source Files</Filter>
    </ClCompile>
    <ClCompile Include="vertexFactory.cpp">
      <Filter>Source Files</Filter>
    </ClCompile>
    <ClCompile Include="BasicRayTracer.cpp">
      <Filter>Source Files</Filter>
    </ClCompile>
    <ClCompile Include="DoubleRayTracer.cpp">
      <Filter>Source Files</Filter>
    </ClCompile>
    <ClCompile Include="InglesRayTracer.cpp">
      <Filter>Source Files</Filter>
    </ClCompile>
    <ClCompile Include="InglesRayTracer2.cpp">
      <Filter>Source Files</Filter>
    </ClCompile>
    <ClCompile Include="InglesRayTracer3.cpp">
      <Filter>Source Files</Filter>
    </ClCompile>
    <ClCompile Include="Vector3Double.cpp">
      <Filter>Source Files</Filter>
    </ClCompile>
    <ClCompile Include="CartesianConverterFactory.cpp">
      <Filter>Source Files</Filter>
    </ClCompile>
    <ClCompile Include="RayTracerDoubleCommon.cpp">
      <Filter>Source Files</Filter>
    </ClCompile>
    <ClCompile Include="ShadowWorldType.cpp">
      <Filter>Source Files</Filter>
    </ClCompile>
    <ClCompile Include="MyDxHelpers.cpp">
      <Filter>Source Files</Filter>
    </ClCompile>
    <ClCompile Include="MyDxUtil.cpp">
      <Filter>Source Files</Filter>
    </ClCompile>
    <ClCompile Include="MathFunctions.cpp">
      <Filter>Source Files</Filter>
    </ClCompile>
    <ClCompile Include="QuaternionRayTracer.cpp">
      <Filter>Source Files</Filter>
    </ClCompile>
    <ClCompile Include="RectangleApproximator.cpp">
      <Filter>Source Files</Filter>
    </ClCompile>
    <ClCompile Include="OriginTarget.cpp">
      <Filter>Source Files</Filter>
    </ClCompile>
    <ClCompile Include="QuaternionGeneralRayTracer.cpp">
      <Filter>Source Files</Filter>
    </ClCompile>
    <ClCompile Include="Vector4Double.cpp">
      <Filter>Source Files</Filter>
    </ClCompile>
    <ClCompile Include="VectorUtils.cpp">
      <Filter>Source Files</Filter>
    </ClCompile>
    <ClCompile Include="QuaternionExperimentalRayTracer.cpp">
      <Filter>Source Files</Filter>
    </ClCompile>
    <ClCompile Include="Vector2Double.cpp">
      <Filter>Source Files</Filter>
    </ClCompile>
    <ClCompile Include="QuaternionEquationType.cpp">
      <Filter>Source Files</Filter>
    </ClCompile>
  </ItemGroup>
  <ItemGroup>
    <None Include="packages.config" />
  </ItemGroup>
</Project>